
Microsoft Visual Studio Solution File, Format Version 12.00
# Visual Studio Version 16
VisualStudioVersion = 16.0.30907.101
MinimumVisualStudioVersion = 10.0.40219.1
Project("{FAE04EC0-301F-11D3-BF4B-00C04F79EFBC}") = "Lab1PlaceGroup", "Lab1PlaceGroup\Lab1PlaceGroup.csproj", "{A0AC753C-0E33-48F0-9251-2DDEE1B5D14D}"
EndProject
Global
	GlobalSection(SolutionConfigurationPlatforms) = preSolution
		Debug|Any CPU = Debug|Any CPU
		Release|Any CPU = Release|Any CPU
	EndGlobalSection
	GlobalSection(ProjectConfigurationPlatforms) = postSolution
		{A0AC753C-0E33-48F0-9251-2DDEE1B5D14D}.Debug|Any CPU.ActiveCfg = Debug|Any CPU
		{A0AC753C-0E33-48F0-9251-2DDEE1B5D14D}.Debug|Any CPU.Build.0 = Debug|Any CPU
		{A0AC753C-0E33-48F0-9251-2DDEE1B5D14D}.Release|Any CPU.ActiveCfg = Release|Any CPU
		{A0AC753C-0E33-48F0-9251-2DDEE1B5D14D}.Release|Any CPU.Build.0 = Release|Any CPU
	EndGlobalSection
	GlobalSection(SolutionProperties) = preSolution
		HideSolutionNode = FALSE
	EndGlobalSection
	GlobalSection(ExtensibilityGlobals) = postSolution
		SolutionGuid = {03B2249E-FDFF-413C-81AA-1F30813BC52C}
	EndGlobalSection
EndGlobal
