
Microsoft Visual Studio Solution File, Format Version 12.00
# Visual Studio Version 16
VisualStudioVersion = 16.0.30907.101
MinimumVisualStudioVersion = 10.0.40219.1
Project("{FAE04EC0-301F-11D3-BF4B-00C04F79EFBC}") = "Start", "Start\Start.csproj", "{9DB2EEE1-9CB1-4BDE-AA21-7B4393428B39}"
EndProject
Global
	GlobalSection(SolutionConfigurationPlatforms) = preSolution
		Debug|Any CPU = Debug|Any CPU
		Release|Any CPU = Release|Any CPU
	EndGlobalSection
	GlobalSection(ProjectConfigurationPlatforms) = postSolution
		{9DB2EEE1-9CB1-4BDE-AA21-7B4393428B39}.Debug|Any CPU.ActiveCfg = Debug|Any CPU
		{9DB2EEE1-9CB1-4BDE-AA21-7B4393428B39}.Debug|Any CPU.Build.0 = Debug|Any CPU
		{9DB2EEE1-9CB1-4BDE-AA21-7B4393428B39}.Release|Any CPU.ActiveCfg = Release|Any CPU
		{9DB2EEE1-9CB1-4BDE-AA21-7B4393428B39}.Release|Any CPU.Build.0 = Release|Any CPU
	EndGlobalSection
	GlobalSection(SolutionProperties) = preSolution
		HideSolutionNode = FALSE
	EndGlobalSection
	GlobalSection(ExtensibilityGlobals) = postSolution
		SolutionGuid = {98336C9B-58FF-456C-9099-BAF12FDB06CF}
	EndGlobalSection
EndGlobal
